
Microsoft Visual Studio Solution File, Format Version 12.00
# Visual Studio Version 17
VisualStudioVersion = 17.2.32616.157
MinimumVisualStudioVersion = 10.0.40219.1
Project("{FAE04EC0-301F-11D3-BF4B-00C04F79EFBC}") = "Emiliano-Chiapponi", "Emiliano-Chiapponi.csproj", "{C6CB8189-A7A2-4205-A68A-9BC734EE398E}"
EndProject
Global
	GlobalSection(SolutionConfigurationPlatforms) = preSolution
		Debug|Any CPU = Debug|Any CPU
		Release|Any CPU = Release|Any CPU
	EndGlobalSection
	GlobalSection(ProjectConfigurationPlatforms) = postSolution
		{C6CB8189-A7A2-4205-A68A-9BC734EE398E}.Debug|Any CPU.ActiveCfg = Debug|Any CPU
		{C6CB8189-A7A2-4205-A68A-9BC734EE398E}.Debug|Any CPU.Build.0 = Debug|Any CPU
		{C6CB8189-A7A2-4205-A68A-9BC734EE398E}.Release|Any CPU.ActiveCfg = Release|Any CPU
		{C6CB8189-A7A2-4205-A68A-9BC734EE398E}.Release|Any CPU.Build.0 = Release|Any CPU
	EndGlobalSection
	GlobalSection(SolutionProperties) = preSolution
		HideSolutionNode = FALSE
	EndGlobalSection
	GlobalSection(ExtensibilityGlobals) = postSolution
		SolutionGuid = {D26B29D3-E7FD-4E2B-B543-DCF1BED5FB46}
	EndGlobalSection
EndGlobal
